
Microsoft Visual Studio Solution File, Format Version 12.00
Project("{FAE04EC0-301F-11D3-BF4B-00C04F79EFBC}") = "A", "A\A.csproj", "{C418349F-D085-42B9-B023-57D8A6117844}"
EndProject
Global
	GlobalSection(SolutionConfigurationPlatforms) = preSolution
		Debug|Any CPU = Debug|Any CPU
		Release|Any CPU = Release|Any CPU
	EndGlobalSection
	GlobalSection(ProjectConfigurationPlatforms) = postSolution
		{C418349F-D085-42B9-B023-57D8A6117844}.Debug|Any CPU.ActiveCfg = Debug|Any CPU
		{C418349F-D085-42B9-B023-57D8A6117844}.Debug|Any CPU.Build.0 = Debug|Any CPU
		{C418349F-D085-42B9-B023-57D8A6117844}.Release|Any CPU.ActiveCfg = Release|Any CPU
		{C418349F-D085-42B9-B023-57D8A6117844}.Release|Any CPU.Build.0 = Release|Any CPU
	EndGlobalSection
EndGlobal
